
Microsoft Visual Studio Solution File, Format Version 12.00
# Visual Studio 15
VisualStudioVersion = 15.0.28307.271
MinimumVisualStudioVersion = 10.0.40219.1
Project("{FAE04EC0-301F-11D3-BF4B-00C04F79EFBC}") = "TP2", "TP2\TP2.csproj", "{E8D80C8E-0BDE-49D6-B112-51F65F0265CA}"
EndProject
Global
	GlobalSection(SolutionConfigurationPlatforms) = preSolution
		Debug|Any CPU = Debug|Any CPU
		Release|Any CPU = Release|Any CPU
	EndGlobalSection
	GlobalSection(ProjectConfigurationPlatforms) = postSolution
		{E8D80C8E-0BDE-49D6-B112-51F65F0265CA}.Debug|Any CPU.ActiveCfg = Debug|Any CPU
		{E8D80C8E-0BDE-49D6-B112-51F65F0265CA}.Debug|Any CPU.Build.0 = Debug|Any CPU
		{E8D80C8E-0BDE-49D6-B112-51F65F0265CA}.Release|Any CPU.ActiveCfg = Release|Any CPU
		{E8D80C8E-0BDE-49D6-B112-51F65F0265CA}.Release|Any CPU.Build.0 = Release|Any CPU
	EndGlobalSection
	GlobalSection(SolutionProperties) = preSolution
		HideSolutionNode = FALSE
	EndGlobalSection
	GlobalSection(ExtensibilityGlobals) = postSolution
		SolutionGuid = {B84EB9AA-BDB6-4416-AC8B-6ADB8202A042}
	EndGlobalSection
EndGlobal
